
Microsoft Visual Studio Solution File, Format Version 12.00
# Visual Studio Version 17
VisualStudioVersion = 17.9.34728.123
MinimumVisualStudioVersion = 10.0.40219.1
Project("{FAE04EC0-301F-11D3-BF4B-00C04F79EFBC}") = "MEKANIKO-FINAL-INVOICE", "MEKANIKO-FINAL-INVOICE\MEKANIKO-FINAL-INVOICE.csproj", "{C8DF46BA-D85C-42B8-A315-DDA560CD8BD5}"
EndProject
Global
	GlobalSection(SolutionConfigurationPlatforms) = preSolution
		Debug|Any CPU = Debug|Any CPU
		Release|Any CPU = Release|Any CPU
	EndGlobalSection
	GlobalSection(ProjectConfigurationPlatforms) = postSolution
		{C8DF46BA-D85C-42B8-A315-DDA560CD8BD5}.Debug|Any CPU.ActiveCfg = Debug|Any CPU
		{C8DF46BA-D85C-42B8-A315-DDA560CD8BD5}.Debug|Any CPU.Build.0 = Debug|Any CPU
		{C8DF46BA-D85C-42B8-A315-DDA560CD8BD5}.Release|Any CPU.ActiveCfg = Release|Any CPU
		{C8DF46BA-D85C-42B8-A315-DDA560CD8BD5}.Release|Any CPU.Build.0 = Release|Any CPU
	EndGlobalSection
	GlobalSection(SolutionProperties) = preSolution
		HideSolutionNode = FALSE
	EndGlobalSection
	GlobalSection(ExtensibilityGlobals) = postSolution
		SolutionGuid = {B5CDD51D-33B9-4231-B834-0E6DD584F43D}
	EndGlobalSection
EndGlobal
